<?xml version="1.0" encoding="utf-8"?>
<Project ToolsVersion="4.0" xmlns="http://schemas.microsoft.com/developer/msbuild/2003">
  <ItemGroup>
    <Filter Include="Source Files">
      <UniqueIdentifier>{4FC737F1-C7A5-4376-A066-2A32D752A2FF}</UniqueIdentifier>
      <Extensions>cpp;c;cc;cxx;c++;cppm;ixx;def;odl;idl;hpj;bat;asm;asmx</Extensions>
    </Filter>
    <Filter Include="Source Files\PreCompiledHeader">
      <UniqueIdentifier>{a7ffaae7-1f89-4d12-82d7-f2e9e67e46cb}</UniqueIdentifier>
    </Filter>
    <Filter Include="Source Files\Rendering">
      <UniqueIdentifier>{91730092-2e5e-4de3-8697-f7bc443efaa6}</UniqueIdentifier>
    </Filter>
    <Filter Include="Source Files\Scene">
      <UniqueIdentifier>{0a44fafa-f5f8-4298-aa53-062508ef7314}</UniqueIdentifier>
    </Filter>
    <Filter Include="Source Files\Assets">
      <UniqueIdentifier>{7e22de8d-9315-4142-8cf8-28a353b7ca66}</UniqueIdentifier>
    </Filter>
    <Filter Include="Source Files\Core">
      <UniqueIdentifier>{30c923a7-243b-4c78-9e3a-3ad13663675c}</UniqueIdentifier>
    </Filter>
    <Filter Include="Source Files\Events">
      <UniqueIdentifier>{b085575f-f29d-453c-b9bf-9ea6a466b55d}</UniqueIdentifier>
    </Filter>
    <Filter Include="Source Files\Platform">
      <UniqueIdentifier>{c53188f9-20b6-40e4-ad02-d16627beedec}</UniqueIdentifier>
    </Filter>
    <Filter Include="Source Files\Platform\DirectX11">
      <UniqueIdentifier>{846bcee9-d71d-41ab-8f8e-13ebb6cf0786}</UniqueIdentifier>
    </Filter>
    <Filter Include="Source Files\Utils">
      <UniqueIdentifier>{3a9a106c-a26f-4040-8903-e80d5424ec68}</UniqueIdentifier>
    </Filter>
    <Filter Include="Source Files\Rendering\Textures">
      <UniqueIdentifier>{654971ce-eb95-4648-9664-ec03e5baff4d}</UniqueIdentifier>
    </Filter>
    <Filter Include="Libraries">
      <UniqueIdentifier>{5723f75e-53f8-4006-b867-fc132f839bdf}</UniqueIdentifier>
    </Filter>
    <Filter Include="Libraries\ImGui">
      <UniqueIdentifier>{f8f00534-0b7b-4cb3-bcec-0812842b7043}</UniqueIdentifier>
    </Filter>
    <Filter Include="Libraries\ImGui\Platform">
      <UniqueIdentifier>{3469913c-601b-44b2-be6e-90b68b93882a}</UniqueIdentifier>
    </Filter>
    <Filter Include="Source Files\Editor">
      <UniqueIdentifier>{feb00756-41d2-4f4a-89e2-e08a20378f4a}</UniqueIdentifier>
    </Filter>
    <Filter Include="Source Files\Platform\Windows">
      <UniqueIdentifier>{bd291b64-7063-4744-97d0-cacf7aa4f1da}</UniqueIdentifier>
    </Filter>
    <Filter Include="Source Files\Platform\Windows\Glfw">
      <UniqueIdentifier>{e3b400f4-f671-4ca2-be54-e1ab3b309e3c}</UniqueIdentifier>
    </Filter>
  </ItemGroup>
  <ItemGroup>
    <ClCompile Include="Source\EnginePCH.cpp">
      <Filter>Source Files\PreCompiledHeader</Filter>
    </ClCompile>
    <ClCompile Include="Source\DebugAssert.cpp">
      <Filter>Source Files</Filter>
    </ClCompile>
    <ClCompile Include="Source\Rendering\GraphicsRenderer.cpp">
      <Filter>Source Files\Rendering</Filter>
    </ClCompile>
    <ClCompile Include="Source\Rendering\IndexBuffer.cpp">
      <Filter>Source Files\Rendering</Filter>
    </ClCompile>
    <ClCompile Include="Source\Rendering\VertexBuffer.cpp">
      <Filter>Source Files\Rendering</Filter>
    </ClCompile>
    <ClCompile Include="Source\Rendering\Shader.cpp">
      <Filter>Source Files\Rendering</Filter>
    </ClCompile>
    <ClCompile Include="Source\Rendering\BufferLayout.cpp">
      <Filter>Source Files\Rendering</Filter>
    </ClCompile>
    <ClCompile Include="Source\Rendering\ConstantBuffer.cpp">
      <Filter>Source Files\Rendering</Filter>
    </ClCompile>
    <ClCompile Include="Source\Scene\Entity.cpp">
      <Filter>Source Files\Scene</Filter>
    </ClCompile>
    <ClCompile Include="Source\Scene\Scene.cpp">
      <Filter>Source Files\Scene</Filter>
    </ClCompile>
    <ClCompile Include="Source\Rendering\FrameBuffer.cpp">
      <Filter>Source Files\Rendering</Filter>
    </ClCompile>
    <ClCompile Include="Source\Assets\AssetManager.cpp">
      <Filter>Source Files\Assets</Filter>
    </ClCompile>
    <ClCompile Include="Source\Scene\SceneCamera.cpp">
      <Filter>Source Files\Scene</Filter>
    </ClCompile>
    <ClCompile Include="Source\Core\Window.cpp">
      <Filter>Source Files\Core</Filter>
    </ClCompile>
    <ClCompile Include="Source\Core\Application.cpp">
      <Filter>Source Files\Core</Filter>
    </ClCompile>
    <ClCompile Include="Source\Core\Layer.cpp">
      <Filter>Source Files\Core</Filter>
    </ClCompile>
    <ClCompile Include="Source\Core\LayerStack.cpp">
      <Filter>Source Files\Core</Filter>
    </ClCompile>
    <ClCompile Include="Source\Platform\DirectX11\DirectX11ConstantBuffer.cpp">
      <Filter>Source Files\Platform\DirectX11</Filter>
    </ClCompile>
    <ClCompile Include="Source\Platform\DirectX11\DirectX11FrameBuffer.cpp">
      <Filter>Source Files\Platform\DirectX11</Filter>
    </ClCompile>
    <ClCompile Include="Source\Platform\DirectX11\DirectX11IndexBuffer.cpp">
      <Filter>Source Files\Platform\DirectX11</Filter>
    </ClCompile>
    <ClCompile Include="Source\Platform\DirectX11\DirectX11RenderingAPI.cpp">
      <Filter>Source Files\Platform\DirectX11</Filter>
    </ClCompile>
    <ClCompile Include="Source\Platform\DirectX11\DirectX11Shader.cpp">
      <Filter>Source Files\Platform\DirectX11</Filter>
    </ClCompile>
    <ClCompile Include="Source\Platform\DirectX11\DirectX11Texture.cpp">
      <Filter>Source Files\Platform\DirectX11</Filter>
    </ClCompile>
    <ClCompile Include="Source\Platform\DirectX11\DirectX11VertexBuffer.cpp">
      <Filter>Source Files\Platform\DirectX11</Filter>
    </ClCompile>
    <ClCompile Include="Source\Rendering\RenderingAPI.cpp">
      <Filter>Source Files\Rendering</Filter>
    </ClCompile>
    <ClCompile Include="Source\Assets\Mesh.cpp">
      <Filter>Source Files\Assets</Filter>
    </ClCompile>
    <ClCompile Include="Source\Rendering\GraphicsRenderer2D.cpp">
      <Filter>Source Files\Rendering</Filter>
    </ClCompile>
    <ClCompile Include="Source\Scene\Components\Components.cpp">
      <Filter>Source Files\Scene</Filter>
    </ClCompile>
    <ClCompile Include="Source\Scene\Components\MeshComponent.cpp">
      <Filter>Source Files\Scene</Filter>
    </ClCompile>
    <ClCompile Include="Source\Rendering\Textures\Texture.cpp">
      <Filter>Source Files\Rendering\Textures</Filter>
    </ClCompile>
    <ClCompile Include="Source\Rendering\Textures\SubTexture.cpp">
      <Filter>Source Files\Rendering\Textures</Filter>
    </ClCompile>
    <ClCompile Include="Libraries\ImGui\imgui.cpp">
      <Filter>Libraries\ImGui</Filter>
    </ClCompile>
    <ClCompile Include="Libraries\ImGui\imgui_demo.cpp">
      <Filter>Libraries\ImGui</Filter>
    </ClCompile>
    <ClCompile Include="Libraries\ImGui\imgui_draw.cpp">
      <Filter>Libraries\ImGui</Filter>
    </ClCompile>
    <ClCompile Include="Libraries\ImGui\imgui_tables.cpp">
      <Filter>Libraries\ImGui</Filter>
    </ClCompile>
    <ClCompile Include="Libraries\ImGui\imgui_widgets.cpp">
      <Filter>Libraries\ImGui</Filter>
    </ClCompile>
    <ClCompile Include="Libraries\ImGui\backends\imgui_impl_dx11.cpp">
      <Filter>Libraries\ImGui\Platform</Filter>
    </ClCompile>
    <ClCompile Include="Libraries\ImGui\backends\imgui_impl_glfw.cpp">
      <Filter>Libraries\ImGui\Platform</Filter>
    </ClCompile>
    <ClCompile Include="Libraries\ImGui\backends\imgui_impl_win32.cpp">
      <Filter>Libraries\ImGui\Platform</Filter>
    </ClCompile>
    <ClCompile Include="Source\Platform\Windows\Glfw\GlfwWindowsWindow.cpp">
      <Filter>Source Files\Platform\Windows\Glfw</Filter>
    </ClCompile>
    <ClCompile Include="Source\Platform\Windows\Glfw\GlfwImGuiLayer.cpp">
      <Filter>Source Files\Platform\Windows\Glfw</Filter>
    </ClCompile>
    <ClCompile Include="Source\ImGui\ImGuiLayer.cpp">
      <Filter>Source Files\Editor</Filter>
    </ClCompile>
    <ClCompile Include="Source\ImGui\PlatformImGuiLayer.cpp">
      <Filter>Source Files\Editor</Filter>
    </ClCompile>
    <ClCompile Include="Source\Platform\DirectX11\DirectX11ImGuiLayer.cpp">
      <Filter>Source Files\Platform\DirectX11</Filter>
    </ClCompile>
    <ClCompile Include="Source\Core\Input.cpp">
      <Filter>Source Files\Core</Filter>
    </ClCompile>
    <ClCompile Include="Source\Rendering\Camera.cpp">
      <Filter>Source Files\Rendering</Filter>
    </ClCompile>
  </ItemGroup>
  <ItemGroup>
    <ClInclude Include="Source\EnginePCH.h">
      <Filter>Source Files\PreCompiledHeader</Filter>
    </ClInclude>
    <ClInclude Include="Source\DebugAssert.h">
      <Filter>Source Files</Filter>
    </ClInclude>
    <ClInclude Include="Source\Rendering\GraphicsRenderer.h">
      <Filter>Source Files\Rendering</Filter>
    </ClInclude>
    <ClInclude Include="Source\Rendering\IndexBuffer.h">
      <Filter>Source Files\Rendering</Filter>
    </ClInclude>
    <ClInclude Include="Source\Rendering\VertexBuffer.h">
      <Filter>Source Files\Rendering</Filter>
    </ClInclude>
    <ClInclude Include="Source\Rendering\Shader.h">
      <Filter>Source Files\Rendering</Filter>
    </ClInclude>
    <ClInclude Include="Source\Rendering\BufferLayout.h">
      <Filter>Source Files\Rendering</Filter>
    </ClInclude>
    <ClInclude Include="Source\Rendering\ConstantBuffer.h">
      <Filter>Source Files\Rendering</Filter>
    </ClInclude>
    <ClInclude Include="Source\Scene\Entity.h">
      <Filter>Source Files\Scene</Filter>
    </ClInclude>
    <ClInclude Include="Source\Scene\Scene.h">
      <Filter>Source Files\Scene</Filter>
    </ClInclude>
    <ClInclude Include="Source\Rendering\FrameBuffer.h">
      <Filter>Source Files\Rendering</Filter>
    </ClInclude>
    <ClInclude Include="Source\Assets\AssetCache.h">
      <Filter>Source Files\Assets</Filter>
    </ClInclude>
    <ClInclude Include="Source\Assets\AssetManager.h">
      <Filter>Source Files\Assets</Filter>
    </ClInclude>
    <ClInclude Include="Source\Scene\SceneCamera.h">
      <Filter>Source Files\Scene</Filter>
    </ClInclude>
    <ClInclude Include="Source\Rendering\Camera.h">
      <Filter>Source Files\Rendering</Filter>
    </ClInclude>
    <ClInclude Include="Source\Core\Window.h">
      <Filter>Source Files\Core</Filter>
    </ClInclude>
    <ClInclude Include="Source\Core\Application.h">
      <Filter>Source Files\Core</Filter>
    </ClInclude>
    <ClInclude Include="Source\Events\ApplicationEvent.h">
      <Filter>Source Files\Events</Filter>
    </ClInclude>
    <ClInclude Include="Source\Events\Event.h">
      <Filter>Source Files\Events</Filter>
    </ClInclude>
    <ClInclude Include="Source\Core\Layer.h">
      <Filter>Source Files\Core</Filter>
    </ClInclude>
    <ClInclude Include="Source\Core\LayerStack.h">
      <Filter>Source Files\Core</Filter>
    </ClInclude>
    <ClInclude Include="Source\Core\Timestep.h">
      <Filter>Source Files\Core</Filter>
    </ClInclude>
    <ClInclude Include="Source\Platform\DirectX11\DirectX11ConstantBuffer.h">
      <Filter>Source Files\Platform\DirectX11</Filter>
    </ClInclude>
    <ClInclude Include="Source\Platform\DirectX11\DirectX11FrameBuffer.h">
      <Filter>Source Files\Platform\DirectX11</Filter>
    </ClInclude>
    <ClInclude Include="Source\Platform\DirectX11\DirectX11IndexBuffer.h">
      <Filter>Source Files\Platform\DirectX11</Filter>
    </ClInclude>
    <ClInclude Include="Source\Platform\DirectX11\DirectX11RenderingAPI.h">
      <Filter>Source Files\Platform\DirectX11</Filter>
    </ClInclude>
    <ClInclude Include="Source\Platform\DirectX11\DirectX11Shader.h">
      <Filter>Source Files\Platform\DirectX11</Filter>
    </ClInclude>
    <ClInclude Include="Source\Platform\DirectX11\DirectX11Texture.h">
      <Filter>Source Files\Platform\DirectX11</Filter>
    </ClInclude>
    <ClInclude Include="Source\Platform\DirectX11\DirectX11VertexBuffer.h">
      <Filter>Source Files\Platform\DirectX11</Filter>
    </ClInclude>
    <ClInclude Include="Source\Rendering\RenderingAPI.h">
      <Filter>Source Files\Rendering</Filter>
    </ClInclude>
    <ClInclude Include="Source\Engine.h">
      <Filter>Source Files</Filter>
    </ClInclude>
    <ClInclude Include="Source\PlatformDetector.h">
      <Filter>Source Files</Filter>
    </ClInclude>
    <ClInclude Include="Source\Assets\Material.h">
      <Filter>Source Files\Assets</Filter>
    </ClInclude>
    <ClInclude Include="Source\Assets\Mesh.h">
      <Filter>Source Files\Assets</Filter>
    </ClInclude>
    <ClInclude Include="Source\Utils\StringUtils.h">
      <Filter>Source Files\Utils</Filter>
    </ClInclude>
    <ClInclude Include="Source\Rendering\GraphicsRenderer2D.h">
      <Filter>Source Files\Rendering</Filter>
    </ClInclude>
    <ClInclude Include="Source\Scene\Components\Components.h">
      <Filter>Source Files\Scene</Filter>
    </ClInclude>
    <ClInclude Include="Source\Scene\Components\MeshComponent.h">
      <Filter>Source Files\Scene</Filter>
    </ClInclude>
    <ClInclude Include="Source\Rendering\Textures\Texture.h">
      <Filter>Source Files\Rendering\Textures</Filter>
    </ClInclude>
    <ClInclude Include="Source\Rendering\Textures\SubTexture.h">
      <Filter>Source Files\Rendering\Textures</Filter>
    </ClInclude>
    <ClInclude Include="Libraries\ImGui\imconfig.h">
      <Filter>Libraries\ImGui</Filter>
    </ClInclude>
    <ClInclude Include="Libraries\ImGui\imgui.h">
      <Filter>Libraries\ImGui</Filter>
    </ClInclude>
    <ClInclude Include="Libraries\ImGui\imgui_internal.h">
      <Filter>Libraries\ImGui</Filter>
    </ClInclude>
    <ClInclude Include="Libraries\ImGui\imstb_rectpack.h">
      <Filter>Libraries\ImGui</Filter>
    </ClInclude>
    <ClInclude Include="Libraries\ImGui\imstb_textedit.h">
      <Filter>Libraries\ImGui</Filter>
    </ClInclude>
    <ClInclude Include="Libraries\ImGui\imstb_truetype.h">
      <Filter>Libraries\ImGui</Filter>
    </ClInclude>
    <ClInclude Include="Libraries\ImGui\backends\imgui_impl_dx11.h">
      <Filter>Libraries\ImGui\Platform</Filter>
    </ClInclude>
    <ClInclude Include="Libraries\ImGui\backends\imgui_impl_glfw.h">
      <Filter>Libraries\ImGui\Platform</Filter>
    </ClInclude>
    <ClInclude Include="Libraries\ImGui\backends\imgui_impl_win32.h">
      <Filter>Libraries\ImGui\Platform</Filter>
    </ClInclude>
    <ClInclude Include="Source\Platform\Windows\Glfw\GlfwWindowsWindow.h">
      <Filter>Source Files\Platform\Windows\Glfw</Filter>
    </ClInclude>
    <ClInclude Include="Source\Platform\Windows\Glfw\GlfwImGuiLayer.h">
      <Filter>Source Files\Platform\Windows\Glfw</Filter>
    </ClInclude>
    <ClInclude Include="Source\ImGui\ImGuiLayer.h">
      <Filter>Source Files\Editor</Filter>
    </ClInclude>
    <ClInclude Include="Source\ImGui\PlatformImGuiLayer.h">
      <Filter>Source Files\Editor</Filter>
    </ClInclude>
    <ClInclude Include="Source\Platform\DirectX11\DirectX11ImGuiLayer.h">
      <Filter>Source Files\Platform\DirectX11</Filter>
    </ClInclude>
    <ClInclude Include="Source\Core\Input.h">
      <Filter>Source Files\Core</Filter>
    </ClInclude>
  </ItemGroup>
</Project>