<?xml version="1.0" encoding="utf-8"?>
<Project ToolsVersion="4.0" xmlns="http://schemas.microsoft.com/developer/msbuild/2003">
  <ItemGroup>
    <Filter Include="Source Files">
      <UniqueIdentifier>{4FC737F1-C7A5-4376-A066-2A32D752A2FF}</UniqueIdentifier>
      <Extensions>cpp;c;cc;cxx;c++;cppm;ixx;def;odl;idl;hpj;bat;asm;asmx</Extensions>
    </Filter>
    <Filter Include="Source Files\PreCompiledHeader">
      <UniqueIdentifier>{09556d41-34b5-41b1-8aa2-2f96eace9e5b}</UniqueIdentifier>
    </Filter>
  </ItemGroup>
  <ItemGroup>
    <ClCompile Include="Source\Vector.cpp">
      <Filter>Source Files</Filter>
    </ClCompile>
    <ClCompile Include="Source\Matrix.cpp">
      <Filter>Source Files</Filter>
    </ClCompile>
    <ClCompile Include="Source\MathPCH.cpp">
      <Filter>Source Files\PreCompiledHeader</Filter>
    </ClCompile>
    <ClCompile Include="Source\Math.cpp">
      <Filter>Source Files</Filter>
    </ClCompile>
    <ClCompile Include="Source\Quaternion.cpp">
      <Filter>Source Files</Filter>
    </ClCompile>
    <ClCompile Include="Source\Rect.cpp">
      <Filter>Source Files</Filter>
    </ClCompile>
    <ClCompile Include="Source\Transform.cpp">
      <Filter>Source Files</Filter>
    </ClCompile>
  </ItemGroup>
  <ItemGroup>
    <ClInclude Include="Source\Vector.h">
      <Filter>Source Files</Filter>
    </ClInclude>
    <ClInclude Include="Source\Matrix.h">
      <Filter>Source Files</Filter>
    </ClInclude>
    <ClInclude Include="Source\MathPCH.h">
      <Filter>Source Files\PreCompiledHeader</Filter>
    </ClInclude>
    <ClInclude Include="Source\Math.h">
      <Filter>Source Files</Filter>
    </ClInclude>
    <ClInclude Include="Source\Quaternion.h">
      <Filter>Source Files</Filter>
    </ClInclude>
    <ClInclude Include="Source\Rect.h">
      <Filter>Source Files</Filter>
    </ClInclude>
    <ClInclude Include="Source\Transform.h">
      <Filter>Source Files</Filter>
    </ClInclude>
  </ItemGroup>
  <ItemGroup>
    <None Include="..\Dependencies.lua" />
    <None Include="..\premake5.lua" />
  </ItemGroup>
</Project>