<?xml version="1.0" encoding="utf-8"?>
<Project ToolsVersion="4.0" xmlns="http://schemas.microsoft.com/developer/msbuild/2003">
  <ItemGroup>
    <Filter Include="Source Files">
      <UniqueIdentifier>{4FC737F1-C7A5-4376-A066-2A32D752A2FF}</UniqueIdentifier>
      <Extensions>cpp;c;cc;cxx;c++;cppm;ixx;def;odl;idl;hpj;bat;asm;asmx</Extensions>
    </Filter>
    <Filter Include="Source Files\PreCompiledHeader">
      <UniqueIdentifier>{20f597c0-1758-41de-9593-4d0e8d704f63}</UniqueIdentifier>
    </Filter>
    <Filter Include="Source Files\Layer">
      <UniqueIdentifier>{c32a0ed5-4888-4660-82b0-1d8a0de004f9}</UniqueIdentifier>
    </Filter>
  </ItemGroup>
  <ItemGroup>
    <ClCompile Include="Source\Editor.cpp">
      <Filter>Source Files</Filter>
    </ClCompile>
    <ClCompile Include="Source\EditorPCH.cpp">
      <Filter>Source Files\PreCompiledHeader</Filter>
    </ClCompile>
    <ClCompile Include="Source\Layer\EditorLayer.cpp">
      <Filter>Source Files\Layer</Filter>
    </ClCompile>
    <ClCompile Include="Source\Layer\Window\SceneHierarchy.cpp">
      <Filter>Source Files</Filter>
    </ClCompile>
    <ClCompile Include="Source\Utils\EditorUtils.cpp">
      <Filter>Source Files</Filter>
    </ClCompile>
    <ClCompile Include="Source\Layer\Window\EntityInspector.cpp">
      <Filter>Source Files</Filter>
    </ClCompile>
    <ClCompile Include="Source\Scene\EditorCamera.cpp">
      <Filter>Source Files</Filter>
    </ClCompile>
  </ItemGroup>
  <ItemGroup>
    <ClInclude Include="Source\EditorPCH.h">
      <Filter>Source Files\PreCompiledHeader</Filter>
    </ClInclude>
    <ClInclude Include="Source\Layer\EditorLayer.h">
      <Filter>Source Files\Layer</Filter>
    </ClInclude>
    <ClInclude Include="Source\Layer\Window\SceneHierarchy.h" />
    <ClInclude Include="Source\Utils\EditorUtils.h" />
    <ClInclude Include="Source\Layer\Window\EntityInspector.h" />
    <ClInclude Include="Source\Scene\EditorCamera.h" />
  </ItemGroup>
</Project>