<?xml version="1.0" encoding="utf-8"?>
<Project ToolsVersion="4.0" xmlns="http://schemas.microsoft.com/developer/msbuild/2003">
  <ItemGroup>
    <Filter Include="Source Files">
      <UniqueIdentifier>{4FC737F1-C7A5-4376-A066-2A32D752A2FF}</UniqueIdentifier>
      <Extensions>cpp;c;cc;cxx;c++;cppm;ixx;def;odl;idl;hpj;bat;asm;asmx</Extensions>
    </Filter>
  </ItemGroup>
  <ItemGroup>
    <ClCompile Include="Source\GlfwSandboxProject.cpp">
      <Filter>Source Files</Filter>
    </ClCompile>
    <ClCompile Include="Source\GlfwGame.cpp">
      <Filter>Source Files</Filter>
    </ClCompile>
  </ItemGroup>
  <ItemGroup>
    <ClInclude Include="Source\GlfwGame.h">
      <Filter>Source Files</Filter>
    </ClInclude>
  </ItemGroup>
  <ItemGroup>
    <FxCompile Include="Shaders\CameraConstants.hlsl" />
    <FxCompile Include="Shaders\SpriteShader.hlsl" />
    <FxCompile Include="Shaders\ObjectConstants.hlsl" />
    <FxCompile Include="Shaders\TriangleShader.hlsl" />
    <FxCompile Include="Shaders\TextureConstants.hlsl" />
  </ItemGroup>
  <ItemGroup>
    <Image Include="Assets\Textures\Cube.png" />
    <Image Include="Assets\Textures\happy-face.png" />
  </ItemGroup>
</Project>