
Microsoft Visual Studio Solution File, Format Version 12.00
# Visual Studio Version 16
VisualStudioVersion = 16.0.30907.101
MinimumVisualStudioVersion = 10.0.40219.1
Project("{8BC9CEB8-8B4A-11D0-8D11-00A0C91BC942}") = "SandboxProject", "SandboxProject.vcxproj", "{973C1D43-6117-4D73-8B80-961B40FDBF27}"
	ProjectSection(ProjectDependencies) = postProject
		{16C1C095-FAFE-4275-B201-2181B1D6CA13} = {16C1C095-FAFE-4275-B201-2181B1D6CA13}
	EndProjectSection
EndProject
Project("{8BC9CEB8-8B4A-11D0-8D11-00A0C91BC942}") = "MathLib", "..\MathLib\MathLib.vcxproj", "{16C1C095-FAFE-4275-B201-2181B1D6CA13}"
EndProject
Project("{8BC9CEB8-8B4A-11D0-8D11-00A0C91BC942}") = "UnitTests", "..\UnitTests\UnitTests.vcxproj", "{9D54867C-B5E9-48C7-8A0B-2934DD2F8008}"
EndProject
Project("{8BC9CEB8-8B4A-11D0-8D11-00A0C91BC942}") = "Engine", "..\Engine\Engine.vcxproj", "{2D889ADE-313C-4377-8CB4-79836564F9F4}"
EndProject
Global
	GlobalSection(SolutionConfigurationPlatforms) = preSolution
		Debug|ARM64 = Debug|ARM64
		Debug|x64 = Debug|x64
		Debug|x86 = Debug|x86
		Release|ARM64 = Release|ARM64
		Release|x64 = Release|x64
		Release|x86 = Release|x86
	EndGlobalSection
	GlobalSection(ProjectConfigurationPlatforms) = postSolution
		{973C1D43-6117-4D73-8B80-961B40FDBF27}.Debug|ARM64.ActiveCfg = Debug|Win32
		{973C1D43-6117-4D73-8B80-961B40FDBF27}.Debug|x64.ActiveCfg = Debug|x64
		{973C1D43-6117-4D73-8B80-961B40FDBF27}.Debug|x64.Build.0 = Debug|x64
		{973C1D43-6117-4D73-8B80-961B40FDBF27}.Debug|x86.ActiveCfg = Debug|Win32
		{973C1D43-6117-4D73-8B80-961B40FDBF27}.Debug|x86.Build.0 = Debug|Win32
		{973C1D43-6117-4D73-8B80-961B40FDBF27}.Release|ARM64.ActiveCfg = Release|Win32
		{973C1D43-6117-4D73-8B80-961B40FDBF27}.Release|x64.ActiveCfg = Release|x64
		{973C1D43-6117-4D73-8B80-961B40FDBF27}.Release|x64.Build.0 = Release|x64
		{973C1D43-6117-4D73-8B80-961B40FDBF27}.Release|x86.ActiveCfg = Release|Win32
		{973C1D43-6117-4D73-8B80-961B40FDBF27}.Release|x86.Build.0 = Release|Win32
		{16C1C095-FAFE-4275-B201-2181B1D6CA13}.Debug|ARM64.ActiveCfg = Debug|Win32
		{16C1C095-FAFE-4275-B201-2181B1D6CA13}.Debug|x64.ActiveCfg = Debug|x64
		{16C1C095-FAFE-4275-B201-2181B1D6CA13}.Debug|x64.Build.0 = Debug|x64
		{16C1C095-FAFE-4275-B201-2181B1D6CA13}.Debug|x86.ActiveCfg = Debug|Win32
		{16C1C095-FAFE-4275-B201-2181B1D6CA13}.Debug|x86.Build.0 = Debug|Win32
		{16C1C095-FAFE-4275-B201-2181B1D6CA13}.Release|ARM64.ActiveCfg = Release|Win32
		{16C1C095-FAFE-4275-B201-2181B1D6CA13}.Release|x64.ActiveCfg = Release|x64
		{16C1C095-FAFE-4275-B201-2181B1D6CA13}.Release|x64.Build.0 = Release|x64
		{16C1C095-FAFE-4275-B201-2181B1D6CA13}.Release|x86.ActiveCfg = Release|Win32
		{16C1C095-FAFE-4275-B201-2181B1D6CA13}.Release|x86.Build.0 = Release|Win32
		{9D54867C-B5E9-48C7-8A0B-2934DD2F8008}.Debug|ARM64.ActiveCfg = Debug|Win32
		{9D54867C-B5E9-48C7-8A0B-2934DD2F8008}.Debug|x64.ActiveCfg = Debug|x64
		{9D54867C-B5E9-48C7-8A0B-2934DD2F8008}.Debug|x64.Build.0 = Debug|x64
		{9D54867C-B5E9-48C7-8A0B-2934DD2F8008}.Debug|x86.ActiveCfg = Debug|Win32
		{9D54867C-B5E9-48C7-8A0B-2934DD2F8008}.Debug|x86.Build.0 = Debug|Win32
		{9D54867C-B5E9-48C7-8A0B-2934DD2F8008}.Release|ARM64.ActiveCfg = Release|Win32
		{9D54867C-B5E9-48C7-8A0B-2934DD2F8008}.Release|x64.ActiveCfg = Release|x64
		{9D54867C-B5E9-48C7-8A0B-2934DD2F8008}.Release|x64.Build.0 = Release|x64
		{9D54867C-B5E9-48C7-8A0B-2934DD2F8008}.Release|x86.ActiveCfg = Release|Win32
		{9D54867C-B5E9-48C7-8A0B-2934DD2F8008}.Release|x86.Build.0 = Release|Win32
		{2D889ADE-313C-4377-8CB4-79836564F9F4}.Debug|ARM64.ActiveCfg = Debug|Win32
		{2D889ADE-313C-4377-8CB4-79836564F9F4}.Debug|x64.ActiveCfg = Debug|x64
		{2D889ADE-313C-4377-8CB4-79836564F9F4}.Debug|x64.Build.0 = Debug|x64
		{2D889ADE-313C-4377-8CB4-79836564F9F4}.Debug|x86.ActiveCfg = Debug|Win32
		{2D889ADE-313C-4377-8CB4-79836564F9F4}.Debug|x86.Build.0 = Debug|Win32
		{2D889ADE-313C-4377-8CB4-79836564F9F4}.Release|ARM64.ActiveCfg = Release|Win32
		{2D889ADE-313C-4377-8CB4-79836564F9F4}.Release|x64.ActiveCfg = Release|x64
		{2D889ADE-313C-4377-8CB4-79836564F9F4}.Release|x64.Build.0 = Release|x64
		{2D889ADE-313C-4377-8CB4-79836564F9F4}.Release|x86.ActiveCfg = Release|Win32
		{2D889ADE-313C-4377-8CB4-79836564F9F4}.Release|x86.Build.0 = Release|Win32
	EndGlobalSection
	GlobalSection(SolutionProperties) = preSolution
		HideSolutionNode = FALSE
	EndGlobalSection
	GlobalSection(ExtensibilityGlobals) = postSolution
		SolutionGuid = {4034D03C-1394-4330-A0DD-1FB74F3E51A2}
	EndGlobalSection
EndGlobal
