
Microsoft Visual Studio Solution File, Format Version 12.00
# Visual Studio Version 16
VisualStudioVersion = 16.0.30907.101
MinimumVisualStudioVersion = 10.0.40219.1
Project("{8BC9CEB8-8B4A-11D0-8D11-00A0C91BC942}") = "SandboxProject", "SandboxProject.vcxproj", "{973C1D43-6117-4D73-8B80-961B40FDBF27}"
	ProjectSection(ProjectDependencies) = postProject
		{16C1C095-FAFE-4275-B201-2181B1D6CA13} = {16C1C095-FAFE-4275-B201-2181B1D6CA13}
	EndProjectSection
EndProject
Project("{8BC9CEB8-8B4A-11D0-8D11-00A0C91BC942}") = "MathLib", "..\MathLib\MathLib.vcxproj", "{16C1C095-FAFE-4275-B201-2181B1D6CA13}"
EndProject
Project("{8BC9CEB8-8B4A-11D0-8D11-00A0C91BC942}") = "UnitTests", "..\UnitTests\UnitTests.vcxproj", "{9D54867C-B5E9-48C7-8A0B-2934DD2F8008}"
EndProject
Project("{8BC9CEB8-8B4A-11D0-8D11-00A0C91BC942}") = "Engine", "..\Engine\Engine.vcxproj", "{2D889ADE-313C-4377-8CB4-79836564F9F4}"
EndProject
Project("{8BC9CEB8-8B4A-11D0-8D11-00A0C91BC942}") = "GlfwSandboxProject", "..\GlfwSandboxProject\GlfwSandboxProject.vcxproj", "{294B6A89-B403-49E2-B8B5-802091E859CB}"
EndProject
Global
	GlobalSection(SolutionConfigurationPlatforms) = preSolution
		Debug|ARM64 = Debug|ARM64
		Debug|x64 = Debug|x64
		Debug|x86 = Debug|x86
		MinSizeRel|ARM64 = MinSizeRel|ARM64
		MinSizeRel|x64 = MinSizeRel|x64
		MinSizeRel|x86 = MinSizeRel|x86
		Release|ARM64 = Release|ARM64
		Release|x64 = Release|x64
		Release|x86 = Release|x86
		RelWithDebInfo|ARM64 = RelWithDebInfo|ARM64
		RelWithDebInfo|x64 = RelWithDebInfo|x64
		RelWithDebInfo|x86 = RelWithDebInfo|x86
	EndGlobalSection
	GlobalSection(ProjectConfigurationPlatforms) = postSolution
		{973C1D43-6117-4D73-8B80-961B40FDBF27}.Debug|ARM64.ActiveCfg = Debug|Win32
		{973C1D43-6117-4D73-8B80-961B40FDBF27}.Debug|x64.ActiveCfg = Debug|x64
		{973C1D43-6117-4D73-8B80-961B40FDBF27}.Debug|x64.Build.0 = Debug|x64
		{973C1D43-6117-4D73-8B80-961B40FDBF27}.Debug|x86.ActiveCfg = Debug|Win32
		{973C1D43-6117-4D73-8B80-961B40FDBF27}.Debug|x86.Build.0 = Debug|Win32
		{973C1D43-6117-4D73-8B80-961B40FDBF27}.MinSizeRel|ARM64.ActiveCfg = Release|x64
		{973C1D43-6117-4D73-8B80-961B40FDBF27}.MinSizeRel|ARM64.Build.0 = Release|x64
		{973C1D43-6117-4D73-8B80-961B40FDBF27}.MinSizeRel|x64.ActiveCfg = Release|x64
		{973C1D43-6117-4D73-8B80-961B40FDBF27}.MinSizeRel|x64.Build.0 = Release|x64
		{973C1D43-6117-4D73-8B80-961B40FDBF27}.MinSizeRel|x86.ActiveCfg = Release|Win32
		{973C1D43-6117-4D73-8B80-961B40FDBF27}.MinSizeRel|x86.Build.0 = Release|Win32
		{973C1D43-6117-4D73-8B80-961B40FDBF27}.Release|ARM64.ActiveCfg = Release|Win32
		{973C1D43-6117-4D73-8B80-961B40FDBF27}.Release|x64.ActiveCfg = Release|x64
		{973C1D43-6117-4D73-8B80-961B40FDBF27}.Release|x64.Build.0 = Release|x64
		{973C1D43-6117-4D73-8B80-961B40FDBF27}.Release|x86.ActiveCfg = Release|Win32
		{973C1D43-6117-4D73-8B80-961B40FDBF27}.Release|x86.Build.0 = Release|Win32
		{973C1D43-6117-4D73-8B80-961B40FDBF27}.RelWithDebInfo|ARM64.ActiveCfg = Release|x64
		{973C1D43-6117-4D73-8B80-961B40FDBF27}.RelWithDebInfo|ARM64.Build.0 = Release|x64
		{973C1D43-6117-4D73-8B80-961B40FDBF27}.RelWithDebInfo|x64.ActiveCfg = Release|x64
		{973C1D43-6117-4D73-8B80-961B40FDBF27}.RelWithDebInfo|x64.Build.0 = Release|x64
		{973C1D43-6117-4D73-8B80-961B40FDBF27}.RelWithDebInfo|x86.ActiveCfg = Release|Win32
		{973C1D43-6117-4D73-8B80-961B40FDBF27}.RelWithDebInfo|x86.Build.0 = Release|Win32
		{16C1C095-FAFE-4275-B201-2181B1D6CA13}.Debug|ARM64.ActiveCfg = Debug|Win32
		{16C1C095-FAFE-4275-B201-2181B1D6CA13}.Debug|x64.ActiveCfg = Debug|x64
		{16C1C095-FAFE-4275-B201-2181B1D6CA13}.Debug|x64.Build.0 = Debug|x64
		{16C1C095-FAFE-4275-B201-2181B1D6CA13}.Debug|x86.ActiveCfg = Debug|Win32
		{16C1C095-FAFE-4275-B201-2181B1D6CA13}.Debug|x86.Build.0 = Debug|Win32
		{16C1C095-FAFE-4275-B201-2181B1D6CA13}.MinSizeRel|ARM64.ActiveCfg = Release|x64
		{16C1C095-FAFE-4275-B201-2181B1D6CA13}.MinSizeRel|ARM64.Build.0 = Release|x64
		{16C1C095-FAFE-4275-B201-2181B1D6CA13}.MinSizeRel|x64.ActiveCfg = Release|x64
		{16C1C095-FAFE-4275-B201-2181B1D6CA13}.MinSizeRel|x64.Build.0 = Release|x64
		{16C1C095-FAFE-4275-B201-2181B1D6CA13}.MinSizeRel|x86.ActiveCfg = Release|Win32
		{16C1C095-FAFE-4275-B201-2181B1D6CA13}.MinSizeRel|x86.Build.0 = Release|Win32
		{16C1C095-FAFE-4275-B201-2181B1D6CA13}.Release|ARM64.ActiveCfg = Release|Win32
		{16C1C095-FAFE-4275-B201-2181B1D6CA13}.Release|x64.ActiveCfg = Release|x64
		{16C1C095-FAFE-4275-B201-2181B1D6CA13}.Release|x64.Build.0 = Release|x64
		{16C1C095-FAFE-4275-B201-2181B1D6CA13}.Release|x86.ActiveCfg = Release|Win32
		{16C1C095-FAFE-4275-B201-2181B1D6CA13}.Release|x86.Build.0 = Release|Win32
		{16C1C095-FAFE-4275-B201-2181B1D6CA13}.RelWithDebInfo|ARM64.ActiveCfg = Release|x64
		{16C1C095-FAFE-4275-B201-2181B1D6CA13}.RelWithDebInfo|ARM64.Build.0 = Release|x64
		{16C1C095-FAFE-4275-B201-2181B1D6CA13}.RelWithDebInfo|x64.ActiveCfg = Release|x64
		{16C1C095-FAFE-4275-B201-2181B1D6CA13}.RelWithDebInfo|x64.Build.0 = Release|x64
		{16C1C095-FAFE-4275-B201-2181B1D6CA13}.RelWithDebInfo|x86.ActiveCfg = Release|Win32
		{16C1C095-FAFE-4275-B201-2181B1D6CA13}.RelWithDebInfo|x86.Build.0 = Release|Win32
		{9D54867C-B5E9-48C7-8A0B-2934DD2F8008}.Debug|ARM64.ActiveCfg = Debug|Win32
		{9D54867C-B5E9-48C7-8A0B-2934DD2F8008}.Debug|x64.ActiveCfg = Debug|x64
		{9D54867C-B5E9-48C7-8A0B-2934DD2F8008}.Debug|x64.Build.0 = Debug|x64
		{9D54867C-B5E9-48C7-8A0B-2934DD2F8008}.Debug|x86.ActiveCfg = Debug|Win32
		{9D54867C-B5E9-48C7-8A0B-2934DD2F8008}.Debug|x86.Build.0 = Debug|Win32
		{9D54867C-B5E9-48C7-8A0B-2934DD2F8008}.MinSizeRel|ARM64.ActiveCfg = Release|x64
		{9D54867C-B5E9-48C7-8A0B-2934DD2F8008}.MinSizeRel|ARM64.Build.0 = Release|x64
		{9D54867C-B5E9-48C7-8A0B-2934DD2F8008}.MinSizeRel|x64.ActiveCfg = Release|x64
		{9D54867C-B5E9-48C7-8A0B-2934DD2F8008}.MinSizeRel|x64.Build.0 = Release|x64
		{9D54867C-B5E9-48C7-8A0B-2934DD2F8008}.MinSizeRel|x86.ActiveCfg = Release|Win32
		{9D54867C-B5E9-48C7-8A0B-2934DD2F8008}.MinSizeRel|x86.Build.0 = Release|Win32
		{9D54867C-B5E9-48C7-8A0B-2934DD2F8008}.Release|ARM64.ActiveCfg = Release|Win32
		{9D54867C-B5E9-48C7-8A0B-2934DD2F8008}.Release|x64.ActiveCfg = Release|x64
		{9D54867C-B5E9-48C7-8A0B-2934DD2F8008}.Release|x64.Build.0 = Release|x64
		{9D54867C-B5E9-48C7-8A0B-2934DD2F8008}.Release|x86.ActiveCfg = Release|Win32
		{9D54867C-B5E9-48C7-8A0B-2934DD2F8008}.Release|x86.Build.0 = Release|Win32
		{9D54867C-B5E9-48C7-8A0B-2934DD2F8008}.RelWithDebInfo|ARM64.ActiveCfg = Release|x64
		{9D54867C-B5E9-48C7-8A0B-2934DD2F8008}.RelWithDebInfo|ARM64.Build.0 = Release|x64
		{9D54867C-B5E9-48C7-8A0B-2934DD2F8008}.RelWithDebInfo|x64.ActiveCfg = Release|x64
		{9D54867C-B5E9-48C7-8A0B-2934DD2F8008}.RelWithDebInfo|x64.Build.0 = Release|x64
		{9D54867C-B5E9-48C7-8A0B-2934DD2F8008}.RelWithDebInfo|x86.ActiveCfg = Release|Win32
		{9D54867C-B5E9-48C7-8A0B-2934DD2F8008}.RelWithDebInfo|x86.Build.0 = Release|Win32
		{2D889ADE-313C-4377-8CB4-79836564F9F4}.Debug|ARM64.ActiveCfg = Debug|Win32
		{2D889ADE-313C-4377-8CB4-79836564F9F4}.Debug|x64.ActiveCfg = Debug|x64
		{2D889ADE-313C-4377-8CB4-79836564F9F4}.Debug|x64.Build.0 = Debug|x64
		{2D889ADE-313C-4377-8CB4-79836564F9F4}.Debug|x86.ActiveCfg = Debug|Win32
		{2D889ADE-313C-4377-8CB4-79836564F9F4}.Debug|x86.Build.0 = Debug|Win32
		{2D889ADE-313C-4377-8CB4-79836564F9F4}.MinSizeRel|ARM64.ActiveCfg = Release|x64
		{2D889ADE-313C-4377-8CB4-79836564F9F4}.MinSizeRel|ARM64.Build.0 = Release|x64
		{2D889ADE-313C-4377-8CB4-79836564F9F4}.MinSizeRel|x64.ActiveCfg = Release|x64
		{2D889ADE-313C-4377-8CB4-79836564F9F4}.MinSizeRel|x64.Build.0 = Release|x64
		{2D889ADE-313C-4377-8CB4-79836564F9F4}.MinSizeRel|x86.ActiveCfg = Release|Win32
		{2D889ADE-313C-4377-8CB4-79836564F9F4}.MinSizeRel|x86.Build.0 = Release|Win32
		{2D889ADE-313C-4377-8CB4-79836564F9F4}.Release|ARM64.ActiveCfg = Release|Win32
		{2D889ADE-313C-4377-8CB4-79836564F9F4}.Release|x64.ActiveCfg = Release|x64
		{2D889ADE-313C-4377-8CB4-79836564F9F4}.Release|x64.Build.0 = Release|x64
		{2D889ADE-313C-4377-8CB4-79836564F9F4}.Release|x86.ActiveCfg = Release|Win32
		{2D889ADE-313C-4377-8CB4-79836564F9F4}.Release|x86.Build.0 = Release|Win32
		{2D889ADE-313C-4377-8CB4-79836564F9F4}.RelWithDebInfo|ARM64.ActiveCfg = Release|x64
		{2D889ADE-313C-4377-8CB4-79836564F9F4}.RelWithDebInfo|ARM64.Build.0 = Release|x64
		{2D889ADE-313C-4377-8CB4-79836564F9F4}.RelWithDebInfo|x64.ActiveCfg = Release|x64
		{2D889ADE-313C-4377-8CB4-79836564F9F4}.RelWithDebInfo|x64.Build.0 = Release|x64
		{2D889ADE-313C-4377-8CB4-79836564F9F4}.RelWithDebInfo|x86.ActiveCfg = Release|Win32
		{2D889ADE-313C-4377-8CB4-79836564F9F4}.RelWithDebInfo|x86.Build.0 = Release|Win32
		{294B6A89-B403-49E2-B8B5-802091E859CB}.Debug|ARM64.ActiveCfg = Debug|Win32
		{294B6A89-B403-49E2-B8B5-802091E859CB}.Debug|x64.ActiveCfg = Debug|x64
		{294B6A89-B403-49E2-B8B5-802091E859CB}.Debug|x64.Build.0 = Debug|x64
		{294B6A89-B403-49E2-B8B5-802091E859CB}.Debug|x86.ActiveCfg = Debug|Win32
		{294B6A89-B403-49E2-B8B5-802091E859CB}.Debug|x86.Build.0 = Debug|Win32
		{294B6A89-B403-49E2-B8B5-802091E859CB}.MinSizeRel|ARM64.ActiveCfg = Debug|Win32
		{294B6A89-B403-49E2-B8B5-802091E859CB}.MinSizeRel|ARM64.Build.0 = Debug|Win32
		{294B6A89-B403-49E2-B8B5-802091E859CB}.MinSizeRel|x64.ActiveCfg = Debug|x64
		{294B6A89-B403-49E2-B8B5-802091E859CB}.MinSizeRel|x64.Build.0 = Debug|x64
		{294B6A89-B403-49E2-B8B5-802091E859CB}.MinSizeRel|x86.ActiveCfg = Debug|Win32
		{294B6A89-B403-49E2-B8B5-802091E859CB}.MinSizeRel|x86.Build.0 = Debug|Win32
		{294B6A89-B403-49E2-B8B5-802091E859CB}.Release|ARM64.ActiveCfg = Release|Win32
		{294B6A89-B403-49E2-B8B5-802091E859CB}.Release|x64.ActiveCfg = Release|x64
		{294B6A89-B403-49E2-B8B5-802091E859CB}.Release|x64.Build.0 = Release|x64
		{294B6A89-B403-49E2-B8B5-802091E859CB}.Release|x86.ActiveCfg = Release|Win32
		{294B6A89-B403-49E2-B8B5-802091E859CB}.Release|x86.Build.0 = Release|Win32
		{294B6A89-B403-49E2-B8B5-802091E859CB}.RelWithDebInfo|ARM64.ActiveCfg = Debug|Win32
		{294B6A89-B403-49E2-B8B5-802091E859CB}.RelWithDebInfo|ARM64.Build.0 = Debug|Win32
		{294B6A89-B403-49E2-B8B5-802091E859CB}.RelWithDebInfo|x64.ActiveCfg = Release|x64
		{294B6A89-B403-49E2-B8B5-802091E859CB}.RelWithDebInfo|x64.Build.0 = Release|x64
		{294B6A89-B403-49E2-B8B5-802091E859CB}.RelWithDebInfo|x86.ActiveCfg = Release|Win32
		{294B6A89-B403-49E2-B8B5-802091E859CB}.RelWithDebInfo|x86.Build.0 = Release|Win32
	EndGlobalSection
	GlobalSection(SolutionProperties) = preSolution
		HideSolutionNode = FALSE
	EndGlobalSection
	GlobalSection(ExtensibilityGlobals) = postSolution
		SolutionGuid = {9776980A-EDE3-3C46-A96E-2EE3665661F1}
	EndGlobalSection
EndGlobal
